// !$*UTF8*$!
{
	archiveVersion = 1;
	classes = {
	};
	objectVersion = 50;
	objects = {

/* Begin PBXBuildFile section */
		044665D620EB6DA500AD3726 /* AppDelegate.mm in Sources */ = {isa = PBXBuildFile; fileRef = 044665D520EB6DA500AD3726 /* AppDelegate.mm */; };
		044665DC20EB6DA500AD3726 /* Main.storyboard in Resources */ = {isa = PBXBuildFile; fileRef = 044665DA20EB6DA500AD3726 /* Main.storyboard */; };
		044665E120EB6DA600AD3726 /* LaunchScreen.storyboard in Resources */ = {isa = PBXBuildFile; fileRef = 044665DF20EB6DA600AD3726 /* LaunchScreen.storyboard */; };
		044665E420EB6DA600AD3726 /* main.m in Sources */ = {isa = PBXBuildFile; fileRef = 044665E320EB6DA600AD3726 /* main.m */; };
		044665F720ECDB4300AD3726 /* MainTabBarController.m in Sources */ = {isa = PBXBuildFile; fileRef = 044665F620ECDB4300AD3726 /* MainTabBarController.m */; };
		044665FB20ECDB8800AD3726 /* WeatherViewController.m in Sources */ = {isa = PBXBuildFile; fileRef = 044665FA20ECDB8800AD3726 /* WeatherViewController.m */; };
		0446660320ECE19000AD3726 /* BaseViewController.m in Sources */ = {isa = PBXBuildFile; fileRef = 0446660220ECE19000AD3726 /* BaseViewController.m */; };
		0446660720ECE43300AD3726 /* MonitoringViewController.m in Sources */ = {isa = PBXBuildFile; fileRef = 0446660620ECE43300AD3726 /* MonitoringViewController.m */; };
		0446660A20ECE44100AD3726 /* WarningViewController.m in Sources */ = {isa = PBXBuildFile; fileRef = 0446660920ECE44100AD3726 /* WarningViewController.m */; };
		0446660D20ECE45100AD3726 /* ForecastViewController.m in Sources */ = {isa = PBXBuildFile; fileRef = 0446660C20ECE45100AD3726 /* ForecastViewController.m */; };
		0446661020ECE45D00AD3726 /* DecisionViewController.m in Sources */ = {isa = PBXBuildFile; fileRef = 0446660F20ECE45D00AD3726 /* DecisionViewController.m */; };
		0479702520F64991002C3065 /* Assets.xcassets in Resources */ = {isa = PBXBuildFile; fileRef = 0479702420F64991002C3065 /* Assets.xcassets */; };
		04C4515E20ED3CA3004466DB /* ZDNavigationController.m in Sources */ = {isa = PBXBuildFile; fileRef = 04C4515D20ED3CA3004466DB /* ZDNavigationController.m */; };
		04C4516120EDF524004466DB /* WeatherForecastModel.m in Sources */ = {isa = PBXBuildFile; fileRef = 04C4516020EDF524004466DB /* WeatherForecastModel.m */; };
		04C4516520EDF911004466DB /* CityModel.m in Sources */ = {isa = PBXBuildFile; fileRef = 04C4516420EDF911004466DB /* CityModel.m */; };
		04C4517120EE8C1E004466DB /* HTTPTool.m in Sources */ = {isa = PBXBuildFile; fileRef = 04C4516F20EE8C1D004466DB /* HTTPTool.m */; };
		04C4517420EE8C51004466DB /* UIImageView+SDWebImage.m in Sources */ = {isa = PBXBuildFile; fileRef = 04C4517320EE8C51004466DB /* UIImageView+SDWebImage.m */; };
		04C4517620EE908C004466DB /* g_region.txt in Resources */ = {isa = PBXBuildFile; fileRef = 04C4517520EE908C004466DB /* g_region.txt */; };
		04C4517920EE9099004466DB /* g_region_a.txt in Resources */ = {isa = PBXBuildFile; fileRef = 04C4517720EE9099004466DB /* g_region_a.txt */; };
		04C4517A20EE9099004466DB /* g_region.sql in Resources */ = {isa = PBXBuildFile; fileRef = 04C4517820EE9099004466DB /* g_region.sql */; };
		04C4517E20EEA0DC004466DB /* CreateCityDB.m in Sources */ = {isa = PBXBuildFile; fileRef = 04C4517D20EEA0DC004466DB /* CreateCityDB.m */; };
		04C4518220EEA167004466DB /* NSString+CatchPath.m in Sources */ = {isa = PBXBuildFile; fileRef = 04C4518020EEA167004466DB /* NSString+CatchPath.m */; };
		04C4519520EF484B004466DB /* README in Resources */ = {isa = PBXBuildFile; fileRef = 04C4518620EF484B004466DB /* README */; };
		04C4519620EF484B004466DB /* NSObject+SBJSON.m in Sources */ = {isa = PBXBuildFile; fileRef = 04C4518A20EF484B004466DB /* NSObject+SBJSON.m */; };
		04C4519720EF484B004466DB /* NSString+SBJSON.m in Sources */ = {isa = PBXBuildFile; fileRef = 04C4518C20EF484B004466DB /* NSString+SBJSON.m */; };
		04C4519820EF484B004466DB /* SBJSON.m in Sources */ = {isa = PBXBuildFile; fileRef = 04C4518E20EF484B004466DB /* SBJSON.m */; };
		04C4519920EF484B004466DB /* SBJsonBase.m in Sources */ = {isa = PBXBuildFile; fileRef = 04C4519020EF484B004466DB /* SBJsonBase.m */; };
		04C4519A20EF484B004466DB /* SBJsonParser.m in Sources */ = {isa = PBXBuildFile; fileRef = 04C4519220EF484B004466DB /* SBJsonParser.m */; };
		04C4519B20EF484B004466DB /* SBJsonWriter.m in Sources */ = {isa = PBXBuildFile; fileRef = 04C4519420EF484B004466DB /* SBJsonWriter.m */; };
		04C451EE20EF571A004466DB /* WeatherWarningView.m in Sources */ = {isa = PBXBuildFile; fileRef = 04C451ED20EF571A004466DB /* WeatherWarningView.m */; };
		04C4532220EF70E9004466DB /* NSString+FontExtention.m in Sources */ = {isa = PBXBuildFile; fileRef = 04C4532020EF70E9004466DB /* NSString+FontExtention.m */; };
		04C4532420EF8661004466DB /* WeatherLiveElementsTableViewCell.m in Sources */ = {isa = PBXBuildFile; fileRef = 04C4532320EF8661004466DB /* WeatherLiveElementsTableViewCell.m */; };
		04C4532620EF872F004466DB /* WeatherCollectionViewCell.m in Sources */ = {isa = PBXBuildFile; fileRef = 04C4532520EF872F004466DB /* WeatherCollectionViewCell.m */; };
		04C4532920EFBBA6004466DB /* TemperatureCurveTableViewCell.m in Sources */ = {isa = PBXBuildFile; fileRef = 04C4532820EFBBA6004466DB /* TemperatureCurveTableViewCell.m */; };
		04C4532D20EFBEC4004466DB /* UIImage+RTTint.m in Sources */ = {isa = PBXBuildFile; fileRef = 04C4532C20EFBEC4004466DB /* UIImage+RTTint.m */; };
		04C4533020EFE406004466DB /* LifeIndexTableViewCell.m in Sources */ = {isa = PBXBuildFile; fileRef = 04C4532F20EFE406004466DB /* LifeIndexTableViewCell.m */; };
		04C4533320EFE6F4004466DB /* ZDCollectionViewCell.m in Sources */ = {isa = PBXBuildFile; fileRef = 04C4533220EFE6F4004466DB /* ZDCollectionViewCell.m */; };
		04C4533620EFF4DF004466DB /* SunSetTableViewCell.m in Sources */ = {isa = PBXBuildFile; fileRef = 04C4533520EFF4DF004466DB /* SunSetTableViewCell.m */; };
		04C4534420EFFDDA004466DB /* WPAttributedStyleAction.m in Sources */ = {isa = PBXBuildFile; fileRef = 04C4533A20EFFDDA004466DB /* WPAttributedStyleAction.m */; };
		04C4534520EFFDDA004466DB /* WPHotspotLabel.m in Sources */ = {isa = PBXBuildFile; fileRef = 04C4533C20EFFDDA004466DB /* WPHotspotLabel.m */; };
		04C4534620EFFDDA004466DB /* WPTappableLabel.m in Sources */ = {isa = PBXBuildFile; fileRef = 04C4533E20EFFDDA004466DB /* WPTappableLabel.m */; };
		04C4534720EFFDDA004466DB /* NSMutableString+TagReplace.m in Sources */ = {isa = PBXBuildFile; fileRef = 04C4534120EFFDDA004466DB /* NSMutableString+TagReplace.m */; };
		04C4534820EFFDDA004466DB /* NSString+WPAttributedMarkup.m in Sources */ = {isa = PBXBuildFile; fileRef = 04C4534320EFFDDA004466DB /* NSString+WPAttributedMarkup.m */; };
		04C4534C20F0CFC8004466DB /* UserModel.m in Sources */ = {isa = PBXBuildFile; fileRef = 04C4534B20F0CFC8004466DB /* UserModel.m */; };
		04C4534E20F3B56F004466DB /* clovernew_20170508.db in Resources */ = {isa = PBXBuildFile; fileRef = 04C4534D20F38E1E004466DB /* clovernew_20170508.db */; };
		04C4535520F4A1D5004466DB /* LocationModel.m in Sources */ = {isa = PBXBuildFile; fileRef = 04C4535420F4A1D5004466DB /* LocationModel.m */; };
		04C4535920F4B662004466DB /* GenericModel.m in Sources */ = {isa = PBXBuildFile; fileRef = 04C4535720F4B662004466DB /* GenericModel.m */; };
		04C4535C20F4B6B5004466DB /* HotCityModel.m in Sources */ = {isa = PBXBuildFile; fileRef = 04C4535B20F4B6B5004466DB /* HotCityModel.m */; };
		04C4536020F4F5D8004466DB /* LocationCityHandle.m in Sources */ = {isa = PBXBuildFile; fileRef = 04C4535F20F4F5D8004466DB /* LocationCityHandle.m */; };
		04E0A1FE20FADFB10076EDD2 /* WeatherForecastLoader.m in Sources */ = {isa = PBXBuildFile; fileRef = 04E0A1FD20FADFB10076EDD2 /* WeatherForecastLoader.m */; };
		E4183427E999A10997CAED54 /* libPods-Weather_XAMQX.a in Frameworks */ = {isa = PBXBuildFile; fileRef = 7B0D2456F4B1E871E7C3B43E /* libPods-Weather_XAMQX.a */; };
/* End PBXBuildFile section */

/* Begin PBXFileReference section */
		044665D120EB6DA500AD3726 /* Weather_XAMQX.app */ = {isa = PBXFileReference; explicitFileType = wrapper.application; includeInIndex = 0; path = Weather_XAMQX.app; sourceTree = BUILT_PRODUCTS_DIR; };
		044665D420EB6DA500AD3726 /* AppDelegate.h */ = {isa = PBXFileReference; lastKnownFileType = sourcecode.c.h; path = AppDelegate.h; sourceTree = "<group>"; };
		044665D520EB6DA500AD3726 /* AppDelegate.mm */ = {isa = PBXFileReference; lastKnownFileType = sourcecode.cpp.objcpp; path = AppDelegate.mm; sourceTree = "<group>"; };
		044665DB20EB6DA500AD3726 /* Base */ = {isa = PBXFileReference; lastKnownFileType = file.storyboard; name = Base; path = Base.lproj/Main.storyboard; sourceTree = "<group>"; };
		044665E020EB6DA600AD3726 /* Base */ = {isa = PBXFileReference; lastKnownFileType = file.storyboard; name = Base; path = Base.lproj/LaunchScreen.storyboard; sourceTree = "<group>"; };
		044665E220EB6DA600AD3726 /* Info.plist */ = {isa = PBXFileReference; lastKnownFileType = text.plist.xml; path = Info.plist; sourceTree = "<group>"; };
		044665E320EB6DA600AD3726 /* main.m */ = {isa = PBXFileReference; lastKnownFileType = sourcecode.c.objc; path = main.m; sourceTree = "<group>"; };
		044665F520ECDB4300AD3726 /* MainTabBarController.h */ = {isa = PBXFileReference; lastKnownFileType = sourcecode.c.h; path = MainTabBarController.h; sourceTree = "<group>"; };
		044665F620ECDB4300AD3726 /* MainTabBarController.m */ = {isa = PBXFileReference; lastKnownFileType = sourcecode.c.objc; path = MainTabBarController.m; sourceTree = "<group>"; };
		044665F920ECDB8800AD3726 /* WeatherViewController.h */ = {isa = PBXFileReference; lastKnownFileType = sourcecode.c.h; path = WeatherViewController.h; sourceTree = "<group>"; };
		044665FA20ECDB8800AD3726 /* WeatherViewController.m */ = {isa = PBXFileReference; lastKnownFileType = sourcecode.c.objc; path = WeatherViewController.m; sourceTree = "<group>"; };
		0446660120ECE19000AD3726 /* BaseViewController.h */ = {isa = PBXFileReference; lastKnownFileType = sourcecode.c.h; path = BaseViewController.h; sourceTree = "<group>"; };
		0446660220ECE19000AD3726 /* BaseViewController.m */ = {isa = PBXFileReference; lastKnownFileType = sourcecode.c.objc; path = BaseViewController.m; sourceTree = "<group>"; };
		0446660420ECE1FA00AD3726 /* PrefixHeader.pch */ = {isa = PBXFileReference; lastKnownFileType = sourcecode.c.h; path = PrefixHeader.pch; sourceTree = "<group>"; };
		0446660520ECE43300AD3726 /* MonitoringViewController.h */ = {isa = PBXFileReference; lastKnownFileType = sourcecode.c.h; path = MonitoringViewController.h; sourceTree = "<group>"; };
		0446660620ECE43300AD3726 /* MonitoringViewController.m */ = {isa = PBXFileReference; lastKnownFileType = sourcecode.c.objc; path = MonitoringViewController.m; sourceTree = "<group>"; };
		0446660820ECE44100AD3726 /* WarningViewController.h */ = {isa = PBXFileReference; lastKnownFileType = sourcecode.c.h; path = WarningViewController.h; sourceTree = "<group>"; };
		0446660920ECE44100AD3726 /* WarningViewController.m */ = {isa = PBXFileReference; lastKnownFileType = sourcecode.c.objc; path = WarningViewController.m; sourceTree = "<group>"; };
		0446660B20ECE45100AD3726 /* ForecastViewController.h */ = {isa = PBXFileReference; lastKnownFileType = sourcecode.c.h; path = ForecastViewController.h; sourceTree = "<group>"; };
		0446660C20ECE45100AD3726 /* ForecastViewController.m */ = {isa = PBXFileReference; lastKnownFileType = sourcecode.c.objc; path = ForecastViewController.m; sourceTree = "<group>"; };
		0446660E20ECE45D00AD3726 /* DecisionViewController.h */ = {isa = PBXFileReference; lastKnownFileType = sourcecode.c.h; path = DecisionViewController.h; sourceTree = "<group>"; };
		0446660F20ECE45D00AD3726 /* DecisionViewController.m */ = {isa = PBXFileReference; lastKnownFileType = sourcecode.c.objc; path = DecisionViewController.m; sourceTree = "<group>"; };
		0479702420F64991002C3065 /* Assets.xcassets */ = {isa = PBXFileReference; lastKnownFileType = folder.assetcatalog; path = Assets.xcassets; sourceTree = "<group>"; };
		04C4515C20ED3CA3004466DB /* ZDNavigationController.h */ = {isa = PBXFileReference; lastKnownFileType = sourcecode.c.h; path = ZDNavigationController.h; sourceTree = "<group>"; };
		04C4515D20ED3CA3004466DB /* ZDNavigationController.m */ = {isa = PBXFileReference; lastKnownFileType = sourcecode.c.objc; path = ZDNavigationController.m; sourceTree = "<group>"; };
		04C4515F20EDF524004466DB /* WeatherForecastModel.h */ = {isa = PBXFileReference; lastKnownFileType = sourcecode.c.h; path = WeatherForecastModel.h; sourceTree = "<group>"; };
		04C4516020EDF524004466DB /* WeatherForecastModel.m */ = {isa = PBXFileReference; lastKnownFileType = sourcecode.c.objc; path = WeatherForecastModel.m; sourceTree = "<group>"; };
		04C4516320EDF911004466DB /* CityModel.h */ = {isa = PBXFileReference; lastKnownFileType = sourcecode.c.h; path = CityModel.h; sourceTree = "<group>"; };
		04C4516420EDF911004466DB /* CityModel.m */ = {isa = PBXFileReference; lastKnownFileType = sourcecode.c.objc; path = CityModel.m; sourceTree = "<group>"; };
		04C4516920EE12A6004466DB /* WeatherCollectionViewCell.h */ = {isa = PBXFileReference; lastKnownFileType = sourcecode.c.h; path = WeatherCollectionViewCell.h; sourceTree = "<group>"; };
		04C4516F20EE8C1D004466DB /* HTTPTool.m */ = {isa = PBXFileReference; fileEncoding = 4; lastKnownFileType = sourcecode.c.objc; path = HTTPTool.m; sourceTree = "<group>"; };
		04C4517020EE8C1D004466DB /* HTTPTool.h */ = {isa = PBXFileReference; fileEncoding = 4; lastKnownFileType = sourcecode.c.h; path = HTTPTool.h; sourceTree = "<group>"; };
		04C4517220EE8C51004466DB /* UIImageView+SDWebImage.h */ = {isa = PBXFileReference; fileEncoding = 4; lastKnownFileType = sourcecode.c.h; path = "UIImageView+SDWebImage.h"; sourceTree = "<group>"; };
		04C4517320EE8C51004466DB /* UIImageView+SDWebImage.m */ = {isa = PBXFileReference; fileEncoding = 4; lastKnownFileType = sourcecode.c.objc; path = "UIImageView+SDWebImage.m"; sourceTree = "<group>"; };
		04C4517520EE908C004466DB /* g_region.txt */ = {isa = PBXFileReference; fileEncoding = 4; lastKnownFileType = text; path = g_region.txt; sourceTree = "<group>"; };
		04C4517720EE9099004466DB /* g_region_a.txt */ = {isa = PBXFileReference; fileEncoding = 4; lastKnownFileType = text; path = g_region_a.txt; sourceTree = "<group>"; };
		04C4517820EE9099004466DB /* g_region.sql */ = {isa = PBXFileReference; fileEncoding = 4; lastKnownFileType = text; path = g_region.sql; sourceTree = "<group>"; };
		04C4517C20EEA0DC004466DB /* CreateCityDB.h */ = {isa = PBXFileReference; lastKnownFileType = sourcecode.c.h; path = CreateCityDB.h; sourceTree = "<group>"; };
		04C4517D20EEA0DC004466DB /* CreateCityDB.m */ = {isa = PBXFileReference; lastKnownFileType = sourcecode.c.objc; path = CreateCityDB.m; sourceTree = "<group>"; };
		04C4518020EEA167004466DB /* NSString+CatchPath.m */ = {isa = PBXFileReference; fileEncoding = 4; lastKnownFileType = sourcecode.c.objc; path = "NSString+CatchPath.m"; sourceTree = "<group>"; };
		04C4518120EEA167004466DB /* NSString+CatchPath.h */ = {isa = PBXFileReference; fileEncoding = 4; lastKnownFileType = sourcecode.c.h; path = "NSString+CatchPath.h"; sourceTree = "<group>"; };
		04C4518620EF484B004466DB /* README */ = {isa = PBXFileReference; fileEncoding = 4; lastKnownFileType = text; path = README; sourceTree = "<group>"; };
		04C4518820EF484B004466DB /* JSON.h */ = {isa = PBXFileReference; fileEncoding = 4; lastKnownFileType = sourcecode.c.h; path = JSON.h; sourceTree = "<group>"; };
		04C4518920EF484B004466DB /* NSObject+SBJSON.h */ = {isa = PBXFileReference; fileEncoding = 4; lastKnownFileType = sourcecode.c.h; path = "NSObject+SBJSON.h"; sourceTree = "<group>"; };
		04C4518A20EF484B004466DB /* NSObject+SBJSON.m */ = {isa = PBXFileReference; fileEncoding = 4; lastKnownFileType = sourcecode.c.objc; path = "NSObject+SBJSON.m"; sourceTree = "<group>"; };
		04C4518B20EF484B004466DB /* NSString+SBJSON.h */ = {isa = PBXFileReference; fileEncoding = 4; lastKnownFileType = sourcecode.c.h; path = "NSString+SBJSON.h"; sourceTree = "<group>"; };
		04C4518C20EF484B004466DB /* NSString+SBJSON.m */ = {isa = PBXFileReference; fileEncoding = 4; lastKnownFileType = sourcecode.c.objc; path = "NSString+SBJSON.m"; sourceTree = "<group>"; };
		04C4518D20EF484B004466DB /* SBJSON.h */ = {isa = PBXFileReference; fileEncoding = 4; lastKnownFileType = sourcecode.c.h; path = SBJSON.h; sourceTree = "<group>"; };
		04C4518E20EF484B004466DB /* SBJSON.m */ = {isa = PBXFileReference; fileEncoding = 4; lastKnownFileType = sourcecode.c.objc; path = SBJSON.m; sourceTree = "<group>"; };
		04C4518F20EF484B004466DB /* SBJsonBase.h */ = {isa = PBXFileReference; fileEncoding = 4; lastKnownFileType = sourcecode.c.h; path = SBJsonBase.h; sourceTree = "<group>"; };
		04C4519020EF484B004466DB /* SBJsonBase.m */ = {isa = PBXFileReference; fileEncoding = 4; lastKnownFileType = sourcecode.c.objc; path = SBJsonBase.m; sourceTree = "<group>"; };
		04C4519120EF484B004466DB /* SBJsonParser.h */ = {isa = PBXFileReference; fileEncoding = 4; lastKnownFileType = sourcecode.c.h; path = SBJsonParser.h; sourceTree = "<group>"; };
		04C4519220EF484B004466DB /* SBJsonParser.m */ = {isa = PBXFileReference; fileEncoding = 4; lastKnownFileType = sourcecode.c.objc; path = SBJsonParser.m; sourceTree = "<group>"; };
		04C4519320EF484B004466DB /* SBJsonWriter.h */ = {isa = PBXFileReference; fileEncoding = 4; lastKnownFileType = sourcecode.c.h; path = SBJsonWriter.h; sourceTree = "<group>"; };
		04C4519420EF484B004466DB /* SBJsonWriter.m */ = {isa = PBXFileReference; fileEncoding = 4; lastKnownFileType = sourcecode.c.objc; path = SBJsonWriter.m; sourceTree = "<group>"; };
		04C4519C20EF4E81004466DB /* WeatherWarningView.h */ = {isa = PBXFileReference; lastKnownFileType = sourcecode.c.h; path = WeatherWarningView.h; sourceTree = "<group>"; };
		04C451ED20EF571A004466DB /* WeatherWarningView.m */ = {isa = PBXFileReference; fileEncoding = 4; lastKnownFileType = sourcecode.c.objc; path = WeatherWarningView.m; sourceTree = "<group>"; };
		04C4531D20EF6A81004466DB /* WeatherLiveElementsTableViewCell.h */ = {isa = PBXFileReference; lastKnownFileType = sourcecode.c.h; path = WeatherLiveElementsTableViewCell.h; sourceTree = "<group>"; };
		04C4532020EF70E9004466DB /* NSString+FontExtention.m */ = {isa = PBXFileReference; fileEncoding = 4; lastKnownFileType = sourcecode.c.objc; path = "NSString+FontExtention.m"; sourceTree = "<group>"; };
		04C4532120EF70E9004466DB /* NSString+FontExtention.h */ = {isa = PBXFileReference; fileEncoding = 4; lastKnownFileType = sourcecode.c.h; path = "NSString+FontExtention.h"; sourceTree = "<group>"; };
		04C4532320EF8661004466DB /* WeatherLiveElementsTableViewCell.m */ = {isa = PBXFileReference; fileEncoding = 4; lastKnownFileType = sourcecode.c.objc; path = WeatherLiveElementsTableViewCell.m; sourceTree = "<group>"; };
		04C4532520EF872F004466DB /* WeatherCollectionViewCell.m */ = {isa = PBXFileReference; fileEncoding = 4; lastKnownFileType = sourcecode.c.objc; path = WeatherCollectionViewCell.m; sourceTree = "<group>"; };
		04C4532720EFBBA6004466DB /* TemperatureCurveTableViewCell.h */ = {isa = PBXFileReference; lastKnownFileType = sourcecode.c.h; path = TemperatureCurveTableViewCell.h; sourceTree = "<group>"; };
		04C4532820EFBBA6004466DB /* TemperatureCurveTableViewCell.m */ = {isa = PBXFileReference; lastKnownFileType = sourcecode.c.objc; path = TemperatureCurveTableViewCell.m; sourceTree = "<group>"; };
		04C4532B20EFBEC4004466DB /* UIImage+RTTint.h */ = {isa = PBXFileReference; fileEncoding = 4; lastKnownFileType = sourcecode.c.h; path = "UIImage+RTTint.h"; sourceTree = "<group>"; };
		04C4532C20EFBEC4004466DB /* UIImage+RTTint.m */ = {isa = PBXFileReference; fileEncoding = 4; lastKnownFileType = sourcecode.c.objc; path = "UIImage+RTTint.m"; sourceTree = "<group>"; };
		04C4532E20EFE406004466DB /* LifeIndexTableViewCell.h */ = {isa = PBXFileReference; lastKnownFileType = sourcecode.c.h; path = LifeIndexTableViewCell.h; sourceTree = "<group>"; };
		04C4532F20EFE406004466DB /* LifeIndexTableViewCell.m */ = {isa = PBXFileReference; lastKnownFileType = sourcecode.c.objc; path = LifeIndexTableViewCell.m; sourceTree = "<group>"; };
		04C4533120EFE6F4004466DB /* ZDCollectionViewCell.h */ = {isa = PBXFileReference; lastKnownFileType = sourcecode.c.h; path = ZDCollectionViewCell.h; sourceTree = "<group>"; };
		04C4533220EFE6F4004466DB /* ZDCollectionViewCell.m */ = {isa = PBXFileReference; lastKnownFileType = sourcecode.c.objc; path = ZDCollectionViewCell.m; sourceTree = "<group>"; };
		04C4533420EFF4DF004466DB /* SunSetTableViewCell.h */ = {isa = PBXFileReference; lastKnownFileType = sourcecode.c.h; path = SunSetTableViewCell.h; sourceTree = "<group>"; };
		04C4533520EFF4DF004466DB /* SunSetTableViewCell.m */ = {isa = PBXFileReference; lastKnownFileType = sourcecode.c.objc; path = SunSetTableViewCell.m; sourceTree = "<group>"; };
		04C4533920EFFDDA004466DB /* WPAttributedStyleAction.h */ = {isa = PBXFileReference; fileEncoding = 4; lastKnownFileType = sourcecode.c.h; path = WPAttributedStyleAction.h; sourceTree = "<group>"; };
		04C4533A20EFFDDA004466DB /* WPAttributedStyleAction.m */ = {isa = PBXFileReference; fileEncoding = 4; lastKnownFileType = sourcecode.c.objc; path = WPAttributedStyleAction.m; sourceTree = "<group>"; };
		04C4533B20EFFDDA004466DB /* WPHotspotLabel.h */ = {isa = PBXFileReference; fileEncoding = 4; lastKnownFileType = sourcecode.c.h; path = WPHotspotLabel.h; sourceTree = "<group>"; };
		04C4533C20EFFDDA004466DB /* WPHotspotLabel.m */ = {isa = PBXFileReference; fileEncoding = 4; lastKnownFileType = sourcecode.c.objc; path = WPHotspotLabel.m; sourceTree = "<group>"; };
		04C4533D20EFFDDA004466DB /* WPTappableLabel.h */ = {isa = PBXFileReference; fileEncoding = 4; lastKnownFileType = sourcecode.c.h; path = WPTappableLabel.h; sourceTree = "<group>"; };
		04C4533E20EFFDDA004466DB /* WPTappableLabel.m */ = {isa = PBXFileReference; fileEncoding = 4; lastKnownFileType = sourcecode.c.objc; path = WPTappableLabel.m; sourceTree = "<group>"; };
		04C4534020EFFDDA004466DB /* NSMutableString+TagReplace.h */ = {isa = PBXFileReference; fileEncoding = 4; lastKnownFileType = sourcecode.c.h; path = "NSMutableString+TagReplace.h"; sourceTree = "<group>"; };
		04C4534120EFFDDA004466DB /* NSMutableString+TagReplace.m */ = {isa = PBXFileReference; fileEncoding = 4; lastKnownFileType = sourcecode.c.objc; path = "NSMutableString+TagReplace.m"; sourceTree = "<group>"; };
		04C4534220EFFDDA004466DB /* NSString+WPAttributedMarkup.h */ = {isa = PBXFileReference; fileEncoding = 4; lastKnownFileType = sourcecode.c.h; path = "NSString+WPAttributedMarkup.h"; sourceTree = "<group>"; };
		04C4534320EFFDDA004466DB /* NSString+WPAttributedMarkup.m */ = {isa = PBXFileReference; fileEncoding = 4; lastKnownFileType = sourcecode.c.objc; path = "NSString+WPAttributedMarkup.m"; sourceTree = "<group>"; };
		04C4534A20F0CFC8004466DB /* UserModel.h */ = {isa = PBXFileReference; lastKnownFileType = sourcecode.c.h; path = UserModel.h; sourceTree = "<group>"; };
		04C4534B20F0CFC8004466DB /* UserModel.m */ = {isa = PBXFileReference; lastKnownFileType = sourcecode.c.objc; path = UserModel.m; sourceTree = "<group>"; };
		04C4534D20F38E1E004466DB /* clovernew_20170508.db */ = {isa = PBXFileReference; lastKnownFileType = file; path = clovernew_20170508.db; sourceTree = "<group>"; };
		04C4535320F4A1D5004466DB /* LocationModel.h */ = {isa = PBXFileReference; lastKnownFileType = sourcecode.c.h; path = LocationModel.h; sourceTree = "<group>"; };
		04C4535420F4A1D5004466DB /* LocationModel.m */ = {isa = PBXFileReference; lastKnownFileType = sourcecode.c.objc; path = LocationModel.m; sourceTree = "<group>"; };
		04C4535720F4B662004466DB /* GenericModel.m */ = {isa = PBXFileReference; fileEncoding = 4; lastKnownFileType = sourcecode.c.objc; path = GenericModel.m; sourceTree = "<group>"; };
		04C4535820F4B662004466DB /* GenericModel.h */ = {isa = PBXFileReference; fileEncoding = 4; lastKnownFileType = sourcecode.c.h; path = GenericModel.h; sourceTree = "<group>"; };
		04C4535A20F4B6B5004466DB /* HotCityModel.h */ = {isa = PBXFileReference; lastKnownFileType = sourcecode.c.h; path = HotCityModel.h; sourceTree = "<group>"; };
		04C4535B20F4B6B5004466DB /* HotCityModel.m */ = {isa = PBXFileReference; lastKnownFileType = sourcecode.c.objc; path = HotCityModel.m; sourceTree = "<group>"; };
		04C4535E20F4F5D8004466DB /* LocationCityHandle.h */ = {isa = PBXFileReference; lastKnownFileType = sourcecode.c.h; path = LocationCityHandle.h; sourceTree = "<group>"; };
		04C4535F20F4F5D8004466DB /* LocationCityHandle.m */ = {isa = PBXFileReference; lastKnownFileType = sourcecode.c.objc; path = LocationCityHandle.m; sourceTree = "<group>"; };
		04E0A1FC20FADFB10076EDD2 /* WeatherForecastLoader.h */ = {isa = PBXFileReference; lastKnownFileType = sourcecode.c.h; path = WeatherForecastLoader.h; sourceTree = "<group>"; };
		04E0A1FD20FADFB10076EDD2 /* WeatherForecastLoader.m */ = {isa = PBXFileReference; lastKnownFileType = sourcecode.c.objc; path = WeatherForecastLoader.m; sourceTree = "<group>"; };
		1F7E68CF577B71FDAF17DF9F /* Pods-Weather_XAMQX.debug.xcconfig */ = {isa = PBXFileReference; includeInIndex = 1; lastKnownFileType = text.xcconfig; name = "Pods-Weather_XAMQX.debug.xcconfig"; path = "Pods/Target Support Files/Pods-Weather_XAMQX/Pods-Weather_XAMQX.debug.xcconfig"; sourceTree = "<group>"; };
		7B0D2456F4B1E871E7C3B43E /* libPods-Weather_XAMQX.a */ = {isa = PBXFileReference; explicitFileType = archive.ar; includeInIndex = 0; path = "libPods-Weather_XAMQX.a"; sourceTree = BUILT_PRODUCTS_DIR; };
		D00C481DD08B8AA10B528B12 /* Pods-Weather_XAMQX.release.xcconfig */ = {isa = PBXFileReference; includeInIndex = 1; lastKnownFileType = text.xcconfig; name = "Pods-Weather_XAMQX.release.xcconfig"; path = "Pods/Target Support Files/Pods-Weather_XAMQX/Pods-Weather_XAMQX.release.xcconfig"; sourceTree = "<group>"; };
/* End PBXFileReference section */

/* Begin PBXFrameworksBuildPhase section */
		044665CE20EB6DA500AD3726 /* Frameworks */ = {
			isa = PBXFrameworksBuildPhase;
			buildActionMask = 2147483647;
			files = (
				E4183427E999A10997CAED54 /* libPods-Weather_XAMQX.a in Frameworks */,
			);
			runOnlyForDeploymentPostprocessing = 0;
		};
/* End PBXFrameworksBuildPhase section */

/* Begin PBXGroup section */
		044665C820EB6DA500AD3726 = {
			isa = PBXGroup;
			children = (
				044665D320EB6DA500AD3726 /* Weather_XAMQX */,
				044665D220EB6DA500AD3726 /* Products */,
				4514A59F88D6A064EF1984FF /* Pods */,
				E892E484456CF5A3A84E8D77 /* Frameworks */,
			);
			sourceTree = "<group>";
		};
		044665D220EB6DA500AD3726 /* Products */ = {
			isa = PBXGroup;
			children = (
				044665D120EB6DA500AD3726 /* Weather_XAMQX.app */,
			);
			name = Products;
			sourceTree = "<group>";
		};
		044665D320EB6DA500AD3726 /* Weather_XAMQX */ = {
			isa = PBXGroup;
			children = (
				044665EB20EB6DDF00AD3726 /* Supporting Files */,
				044665EA20EB6DC600AD3726 /* Code */,
			);
			path = Weather_XAMQX;
			sourceTree = "<group>";
		};
		044665EA20EB6DC600AD3726 /* Code */ = {
			isa = PBXGroup;
			children = (
				044665F320EB71A700AD3726 /* MainApp */,
				044665F220EB70E200AD3726 /* Helpers */,
				044665F120EB70D800AD3726 /* Others */,
				044665EF20EB708300AD3726 /* Vendors */,
				044665EE20EB707600AD3726 /* Controllers */,
				044665ED20EB706D00AD3726 /* Views */,
				044665EC20EB6F8900AD3726 /* Models */,
			);
			path = Code;
			sourceTree = "<group>";
		};
		044665EB20EB6DDF00AD3726 /* Supporting Files */ = {
			isa = PBXGroup;
			children = (
				04C4518420EEA4CF004466DB /* SQL */,
				044665E220EB6DA600AD3726 /* Info.plist */,
				0446660420ECE1FA00AD3726 /* PrefixHeader.pch */,
				0479702420F64991002C3065 /* Assets.xcassets */,
			);
			path = "Supporting Files";
			sourceTree = "<group>";
		};
		044665EC20EB6F8900AD3726 /* Models */ = {
			isa = PBXGroup;
			children = (
				04C4535620F4B62F004466DB /* Generic */,
				04C4535220F4A1BA004466DB /* Location */,
				04C4534920F0CFB1004466DB /* User */,
				04C4516220EDF83A004466DB /* Weather */,
			);
			path = Models;
			sourceTree = "<group>";
		};
		044665ED20EB706D00AD3726 /* Views */ = {
			isa = PBXGroup;
			children = (
				04C4516820EE126C004466DB /* Weather */,
				04C4516720EDFE3C004466DB /* LaunchScreen */,
				04C4516620EDFE17004466DB /* Main */,
			);
			path = Views;
			sourceTree = "<group>";
		};
		044665EE20EB707600AD3726 /* Controllers */ = {
			isa = PBXGroup;
			children = (
				0446660020ECE17A00AD3726 /* BaseViewController */,
				044665FF20ECE0C000AD3726 /* Decision */,
				044665FE20ECE0A700AD3726 /* Forecast */,
				044665FD20ECE06100AD3726 /* Warning */,
				044665FC20ECE02900AD3726 /* Monitoring */,
				044665F820ECDB6300AD3726 /* Weather */,
				044665F420ECDAE700AD3726 /* Main */,
			);
			path = Controllers;
			sourceTree = "<group>";
		};
		044665EF20EB708300AD3726 /* Vendors */ = {
			isa = PBXGroup;
			children = (
				04C4533720EFFDDA004466DB /* CoreText */,
				04C4518520EF484B004466DB /* SBJson */,
			);
			path = Vendors;
			sourceTree = "<group>";
		};
		044665F120EB70D800AD3726 /* Others */ = {
			isa = PBXGroup;
			children = (
				04C4535D20F4F5B9004466DB /* Location */,
			);
			path = Others;
			sourceTree = "<group>";
		};
		044665F220EB70E200AD3726 /* Helpers */ = {
			isa = PBXGroup;
			children = (
				04C4517F20EEA12C004466DB /* Categories */,
				04C4517B20EEA0BA004466DB /* DataBase */,
				04C4516E20EE8B5C004466DB /* WebImage */,
				04C4516C20EE6607004466DB /* NetWork */,
			);
			path = Helpers;
			sourceTree = "<group>";
		};
		044665F320EB71A700AD3726 /* MainApp */ = {
			isa = PBXGroup;
			children = (
				044665E320EB6DA600AD3726 /* main.m */,
				044665D420EB6DA500AD3726 /* AppDelegate.h */,
				044665D520EB6DA500AD3726 /* AppDelegate.mm */,
			);
			path = MainApp;
			sourceTree = "<group>";
		};
		044665F420ECDAE700AD3726 /* Main */ = {
			isa = PBXGroup;
			children = (
				044665F520ECDB4300AD3726 /* MainTabBarController.h */,
				044665F620ECDB4300AD3726 /* MainTabBarController.m */,
			);
			path = Main;
			sourceTree = "<group>";
		};
		044665F820ECDB6300AD3726 /* Weather */ = {
			isa = PBXGroup;
			children = (
				044665F920ECDB8800AD3726 /* WeatherViewController.h */,
				044665FA20ECDB8800AD3726 /* WeatherViewController.m */,
				04C4515C20ED3CA3004466DB /* ZDNavigationController.h */,
				04C4515D20ED3CA3004466DB /* ZDNavigationController.m */,
			);
			path = Weather;
			sourceTree = "<group>";
		};
		044665FC20ECE02900AD3726 /* Monitoring */ = {
			isa = PBXGroup;
			children = (
				0446660520ECE43300AD3726 /* MonitoringViewController.h */,
				0446660620ECE43300AD3726 /* MonitoringViewController.m */,
			);
			path = Monitoring;
			sourceTree = "<group>";
		};
		044665FD20ECE06100AD3726 /* Warning */ = {
			isa = PBXGroup;
			children = (
				0446660820ECE44100AD3726 /* WarningViewController.h */,
				0446660920ECE44100AD3726 /* WarningViewController.m */,
			);
			path = Warning;
			sourceTree = "<group>";
		};
		044665FE20ECE0A700AD3726 /* Forecast */ = {
			isa = PBXGroup;
			children = (
				0446660B20ECE45100AD3726 /* ForecastViewController.h */,
				0446660C20ECE45100AD3726 /* ForecastViewController.m */,
			);
			path = Forecast;
			sourceTree = "<group>";
		};
		044665FF20ECE0C000AD3726 /* Decision */ = {
			isa = PBXGroup;
			children = (
				0446660E20ECE45D00AD3726 /* DecisionViewController.h */,
				0446660F20ECE45D00AD3726 /* DecisionViewController.m */,
			);
			path = Decision;
			sourceTree = "<group>";
		};
		0446660020ECE17A00AD3726 /* BaseViewController */ = {
			isa = PBXGroup;
			children = (
				0446660120ECE19000AD3726 /* BaseViewController.h */,
				0446660220ECE19000AD3726 /* BaseViewController.m */,
			);
			path = BaseViewController;
			sourceTree = "<group>";
		};
		04C4516220EDF83A004466DB /* Weather */ = {
			isa = PBXGroup;
			children = (
				04C4515F20EDF524004466DB /* WeatherForecastModel.h */,
				04C4516020EDF524004466DB /* WeatherForecastModel.m */,
				04C4516320EDF911004466DB /* CityModel.h */,
				04C4516420EDF911004466DB /* CityModel.m */,
				04C4535A20F4B6B5004466DB /* HotCityModel.h */,
				04C4535B20F4B6B5004466DB /* HotCityModel.m */,
			);
			path = Weather;
			sourceTree = "<group>";
		};
		04C4516620EDFE17004466DB /* Main */ = {
			isa = PBXGroup;
			children = (
				044665DA20EB6DA500AD3726 /* Main.storyboard */,
			);
			path = Main;
			sourceTree = "<group>";
		};
		04C4516720EDFE3C004466DB /* LaunchScreen */ = {
			isa = PBXGroup;
			children = (
				044665DF20EB6DA600AD3726 /* LaunchScreen.storyboard */,
			);
			path = LaunchScreen;
			sourceTree = "<group>";
		};
		04C4516820EE126C004466DB /* Weather */ = {
			isa = PBXGroup;
			children = (
				04C4516920EE12A6004466DB /* WeatherCollectionViewCell.h */,
				04C4532520EF872F004466DB /* WeatherCollectionViewCell.m */,
				04C4519C20EF4E81004466DB /* WeatherWarningView.h */,
				04C451ED20EF571A004466DB /* WeatherWarningView.m */,
				04C4531D20EF6A81004466DB /* WeatherLiveElementsTableViewCell.h */,
				04C4532320EF8661004466DB /* WeatherLiveElementsTableViewCell.m */,
				04C4532720EFBBA6004466DB /* TemperatureCurveTableViewCell.h */,
				04C4532820EFBBA6004466DB /* TemperatureCurveTableViewCell.m */,
				04C4532E20EFE406004466DB /* LifeIndexTableViewCell.h */,
				04C4532F20EFE406004466DB /* LifeIndexTableViewCell.m */,
				04C4533120EFE6F4004466DB /* ZDCollectionViewCell.h */,
				04C4533220EFE6F4004466DB /* ZDCollectionViewCell.m */,
				04C4533420EFF4DF004466DB /* SunSetTableViewCell.h */,
				04C4533520EFF4DF004466DB /* SunSetTableViewCell.m */,
			);
			path = Weather;
			sourceTree = "<group>";
		};
		04C4516C20EE6607004466DB /* NetWork */ = {
			isa = PBXGroup;
			children = (
				04C4517020EE8C1D004466DB /* HTTPTool.h */,
				04C4516F20EE8C1D004466DB /* HTTPTool.m */,
			);
			path = NetWork;
			sourceTree = "<group>";
		};
		04C4516E20EE8B5C004466DB /* WebImage */ = {
			isa = PBXGroup;
			children = (
				04C4517220EE8C51004466DB /* UIImageView+SDWebImage.h */,
				04C4517320EE8C51004466DB /* UIImageView+SDWebImage.m */,
			);
			path = WebImage;
			sourceTree = "<group>";
		};
		04C4517B20EEA0BA004466DB /* DataBase */ = {
			isa = PBXGroup;
			children = (
				04C4517C20EEA0DC004466DB /* CreateCityDB.h */,
				04C4517D20EEA0DC004466DB /* CreateCityDB.m */,
				04E0A1FC20FADFB10076EDD2 /* WeatherForecastLoader.h */,
				04E0A1FD20FADFB10076EDD2 /* WeatherForecastLoader.m */,
			);
			path = DataBase;
			sourceTree = "<group>";
		};
		04C4517F20EEA12C004466DB /* Categories */ = {
			isa = PBXGroup;
			children = (
				04C4532A20EFBEAC004466DB /* UIImage */,
				04C4518320EEA16D004466DB /* NSString */,
			);
			path = Categories;
			sourceTree = "<group>";
		};
		04C4518320EEA16D004466DB /* NSString */ = {
			isa = PBXGroup;
			children = (
				04C4532120EF70E9004466DB /* NSString+FontExtention.h */,
				04C4532020EF70E9004466DB /* NSString+FontExtention.m */,
				04C4518120EEA167004466DB /* NSString+CatchPath.h */,
				04C4518020EEA167004466DB /* NSString+CatchPath.m */,
			);
			path = NSString;
			sourceTree = "<group>";
		};
		04C4518420EEA4CF004466DB /* SQL */ = {
			isa = PBXGroup;
			children = (
				04C4517520EE908C004466DB /* g_region.txt */,
				04C4517720EE9099004466DB /* g_region_a.txt */,
				04C4517820EE9099004466DB /* g_region.sql */,
				04C4534D20F38E1E004466DB /* clovernew_20170508.db */,
			);
			path = SQL;
			sourceTree = "<group>";
		};
		04C4518520EF484B004466DB /* SBJson */ = {
			isa = PBXGroup;
			children = (
				04C4518620EF484B004466DB /* README */,
				04C4518720EF484B004466DB /* Source */,
			);
			path = SBJson;
			sourceTree = "<group>";
		};
		04C4518720EF484B004466DB /* Source */ = {
			isa = PBXGroup;
			children = (
				04C4518820EF484B004466DB /* JSON.h */,
				04C4518920EF484B004466DB /* NSObject+SBJSON.h */,
				04C4518A20EF484B004466DB /* NSObject+SBJSON.m */,
				04C4518B20EF484B004466DB /* NSString+SBJSON.h */,
				04C4518C20EF484B004466DB /* NSString+SBJSON.m */,
				04C4518D20EF484B004466DB /* SBJSON.h */,
				04C4518E20EF484B004466DB /* SBJSON.m */,
				04C4518F20EF484B004466DB /* SBJsonBase.h */,
				04C4519020EF484B004466DB /* SBJsonBase.m */,
				04C4519120EF484B004466DB /* SBJsonParser.h */,
				04C4519220EF484B004466DB /* SBJsonParser.m */,
				04C4519320EF484B004466DB /* SBJsonWriter.h */,
				04C4519420EF484B004466DB /* SBJsonWriter.m */,
			);
			path = Source;
			sourceTree = "<group>";
		};
		04C4532A20EFBEAC004466DB /* UIImage */ = {
			isa = PBXGroup;
			children = (
				04C4532B20EFBEC4004466DB /* UIImage+RTTint.h */,
				04C4532C20EFBEC4004466DB /* UIImage+RTTint.m */,
			);
			path = UIImage;
			sourceTree = "<group>";
		};
		04C4533720EFFDDA004466DB /* CoreText */ = {
			isa = PBXGroup;
			children = (
				04C4533820EFFDDA004466DB /* Extras */,
				04C4533F20EFFDDA004466DB /* WPAttributedMarkup */,
			);
			path = CoreText;
			sourceTree = "<group>";
		};
		04C4533820EFFDDA004466DB /* Extras */ = {
			isa = PBXGroup;
			children = (
				04C4533920EFFDDA004466DB /* WPAttributedStyleAction.h */,
				04C4533A20EFFDDA004466DB /* WPAttributedStyleAction.m */,
				04C4533B20EFFDDA004466DB /* WPHotspotLabel.h */,
				04C4533C20EFFDDA004466DB /* WPHotspotLabel.m */,
				04C4533D20EFFDDA004466DB /* WPTappableLabel.h */,
				04C4533E20EFFDDA004466DB /* WPTappableLabel.m */,
			);
			path = Extras;
			sourceTree = "<group>";
		};
		04C4533F20EFFDDA004466DB /* WPAttributedMarkup */ = {
			isa = PBXGroup;
			children = (
				04C4534020EFFDDA004466DB /* NSMutableString+TagReplace.h */,
				04C4534120EFFDDA004466DB /* NSMutableString+TagReplace.m */,
				04C4534220EFFDDA004466DB /* NSString+WPAttributedMarkup.h */,
				04C4534320EFFDDA004466DB /* NSString+WPAttributedMarkup.m */,
			);
			path = WPAttributedMarkup;
			sourceTree = "<group>";
		};
		04C4534920F0CFB1004466DB /* User */ = {
			isa = PBXGroup;
			children = (
				04C4534A20F0CFC8004466DB /* UserModel.h */,
				04C4534B20F0CFC8004466DB /* UserModel.m */,
			);
			path = User;
			sourceTree = "<group>";
		};
		04C4535220F4A1BA004466DB /* Location */ = {
			isa = PBXGroup;
			children = (
				04C4535320F4A1D5004466DB /* LocationModel.h */,
				04C4535420F4A1D5004466DB /* LocationModel.m */,
			);
			path = Location;
			sourceTree = "<group>";
		};
		04C4535620F4B62F004466DB /* Generic */ = {
			isa = PBXGroup;
			children = (
				04C4535820F4B662004466DB /* GenericModel.h */,
				04C4535720F4B662004466DB /* GenericModel.m */,
			);
			path = Generic;
			sourceTree = "<group>";
		};
		04C4535D20F4F5B9004466DB /* Location */ = {
			isa = PBXGroup;
			children = (
				04C4535E20F4F5D8004466DB /* LocationCityHandle.h */,
				04C4535F20F4F5D8004466DB /* LocationCityHandle.m */,
			);
			path = Location;
			sourceTree = "<group>";
		};
		4514A59F88D6A064EF1984FF /* Pods */ = {
			isa = PBXGroup;
			children = (
				1F7E68CF577B71FDAF17DF9F /* Pods-Weather_XAMQX.debug.xcconfig */,
				D00C481DD08B8AA10B528B12 /* Pods-Weather_XAMQX.release.xcconfig */,
			);
			name = Pods;
			sourceTree = "<group>";
		};
		E892E484456CF5A3A84E8D77 /* Frameworks */ = {
			isa = PBXGroup;
			children = (
				7B0D2456F4B1E871E7C3B43E /* libPods-Weather_XAMQX.a */,
			);
			name = Frameworks;
			sourceTree = "<group>";
		};
/* End PBXGroup section */

/* Begin PBXNativeTarget section */
		044665D020EB6DA500AD3726 /* Weather_XAMQX */ = {
			isa = PBXNativeTarget;
			buildConfigurationList = 044665E720EB6DA600AD3726 /* Build configuration list for PBXNativeTarget "Weather_XAMQX" */;
			buildPhases = (
				56EE4FAF083C39ECCBE80D0D /* [CP] Check Pods Manifest.lock */,
				044665CD20EB6DA500AD3726 /* Sources */,
				044665CE20EB6DA500AD3726 /* Frameworks */,
				044665CF20EB6DA500AD3726 /* Resources */,
				CB8FC88023C007DDFCEF2460 /* [CP] Copy Pods Resources */,
			);
			buildRules = (
			);
			dependencies = (
			);
			name = Weather_XAMQX;
			productName = Weather_XAMQX;
			productReference = 044665D120EB6DA500AD3726 /* Weather_XAMQX.app */;
			productType = "com.apple.product-type.application";
		};
/* End PBXNativeTarget section */

/* Begin PBXProject section */
		044665C920EB6DA500AD3726 /* Project object */ = {
			isa = PBXProject;
			attributes = {
				LastUpgradeCheck = 0940;
				ORGANIZATIONNAME = com.dyfc;
				TargetAttributes = {
					044665D020EB6DA500AD3726 = {
						CreatedOnToolsVersion = 9.4.1;
					};
				};
			};
			buildConfigurationList = 044665CC20EB6DA500AD3726 /* Build configuration list for PBXProject "Weather_XAMQX" */;
			compatibilityVersion = "Xcode 9.3";
			developmentRegion = en;
			hasScannedForEncodings = 0;
			knownRegions = (
				en,
				Base,
			);
			mainGroup = 044665C820EB6DA500AD3726;
			productRefGroup = 044665D220EB6DA500AD3726 /* Products */;
			projectDirPath = "";
			projectRoot = "";
			targets = (
				044665D020EB6DA500AD3726 /* Weather_XAMQX */,
			);
		};
/* End PBXProject section */

/* Begin PBXResourcesBuildPhase section */
		044665CF20EB6DA500AD3726 /* Resources */ = {
			isa = PBXResourcesBuildPhase;
			buildActionMask = 2147483647;
			files = (
				04C4534E20F3B56F004466DB /* clovernew_20170508.db in Resources */,
				04C4517620EE908C004466DB /* g_region.txt in Resources */,
				04C4517920EE9099004466DB /* g_region_a.txt in Resources */,
				04C4517A20EE9099004466DB /* g_region.sql in Resources */,
				044665E120EB6DA600AD3726 /* LaunchScreen.storyboard in Resources */,
				044665DC20EB6DA500AD3726 /* Main.storyboard in Resources */,
				0479702520F64991002C3065 /* Assets.xcassets in Resources */,
				04C4519520EF484B004466DB /* README in Resources */,
			);
			runOnlyForDeploymentPostprocessing = 0;
		};
/* End PBXResourcesBuildPhase section */

/* Begin PBXShellScriptBuildPhase section */
		56EE4FAF083C39ECCBE80D0D /* [CP] Check Pods Manifest.lock */ = {
			isa = PBXShellScriptBuildPhase;
			buildActionMask = 2147483647;
			files = (
			);
			inputPaths = (
				"${PODS_PODFILE_DIR_PATH}/Podfile.lock",
				"${PODS_ROOT}/Manifest.lock",
			);
			name = "[CP] Check Pods Manifest.lock";
			outputPaths = (
				"$(DERIVED_FILE_DIR)/Pods-Weather_XAMQX-checkManifestLockResult.txt",
			);
			runOnlyForDeploymentPostprocessing = 0;
			shellPath = /bin/sh;
			shellScript = "diff \"${PODS_PODFILE_DIR_PATH}/Podfile.lock\" \"${PODS_ROOT}/Manifest.lock\" > /dev/null\nif [ $? != 0 ] ; then\n    # print error to STDERR\n    echo \"error: The sandbox is not in sync with the Podfile.lock. Run 'pod install' or update your CocoaPods installation.\" >&2\n    exit 1\nfi\n# This output is used by Xcode 'outputs' to avoid re-running this script phase.\necho \"SUCCESS\" > \"${SCRIPT_OUTPUT_FILE_0}\"\n";
			showEnvVarsInLog = 0;
		};
		CB8FC88023C007DDFCEF2460 /* [CP] Copy Pods Resources */ = {
			isa = PBXShellScriptBuildPhase;
			buildActionMask = 2147483647;
			files = (
			);
			inputPaths = (
				"${SRCROOT}/Pods/Target Support Files/Pods-Weather_XAMQX/Pods-Weather_XAMQX-resources.sh",
				"${PODS_ROOT}/BaiduMapKit/BaiduMapKit/BaiduMapAPI_Map.framework/Resources/mapapi.bundle",
				"${PODS_ROOT}/MJRefresh/MJRefresh/MJRefresh.bundle",
			);
			name = "[CP] Copy Pods Resources";
			outputPaths = (
				"${TARGET_BUILD_DIR}/${UNLOCALIZED_RESOURCES_FOLDER_PATH}/mapapi.bundle",
				"${TARGET_BUILD_DIR}/${UNLOCALIZED_RESOURCES_FOLDER_PATH}/MJRefresh.bundle",
			);
			runOnlyForDeploymentPostprocessing = 0;
			shellPath = /bin/sh;
			shellScript = "\"${SRCROOT}/Pods/Target Support Files/Pods-Weather_XAMQX/Pods-Weather_XAMQX-resources.sh\"\n";
			showEnvVarsInLog = 0;
		};
/* End PBXShellScriptBuildPhase section */

/* Begin PBXSourcesBuildPhase section */
		044665CD20EB6DA500AD3726 /* Sources */ = {
			isa = PBXSourcesBuildPhase;
			buildActionMask = 2147483647;
			files = (
				04C4534720EFFDDA004466DB /* NSMutableString+TagReplace.m in Sources */,
				044665E420EB6DA600AD3726 /* main.m in Sources */,
				04C4532220EF70E9004466DB /* NSString+FontExtention.m in Sources */,
				04C4534420EFFDDA004466DB /* WPAttributedStyleAction.m in Sources */,
				04C4519B20EF484B004466DB /* SBJsonWriter.m in Sources */,
				0446660D20ECE45100AD3726 /* ForecastViewController.m in Sources */,
				0446660320ECE19000AD3726 /* BaseViewController.m in Sources */,
				04C4533020EFE406004466DB /* LifeIndexTableViewCell.m in Sources */,
				04C4535C20F4B6B5004466DB /* HotCityModel.m in Sources */,
				04C4519620EF484B004466DB /* NSObject+SBJSON.m in Sources */,
				04C4515E20ED3CA3004466DB /* ZDNavigationController.m in Sources */,
				04C4517420EE8C51004466DB /* UIImageView+SDWebImage.m in Sources */,
				04C4519720EF484B004466DB /* NSString+SBJSON.m in Sources */,
				04C4516520EDF911004466DB /* CityModel.m in Sources */,
				04C4518220EEA167004466DB /* NSString+CatchPath.m in Sources */,
				04C4519920EF484B004466DB /* SBJsonBase.m in Sources */,
				0446660720ECE43300AD3726 /* MonitoringViewController.m in Sources */,
				04C4533320EFE6F4004466DB /* ZDCollectionViewCell.m in Sources */,
				04C4534620EFFDDA004466DB /* WPTappableLabel.m in Sources */,
				04C4534820EFFDDA004466DB /* NSString+WPAttributedMarkup.m in Sources */,
				04C4535920F4B662004466DB /* GenericModel.m in Sources */,
				04C451EE20EF571A004466DB /* WeatherWarningView.m in Sources */,
				04C4535520F4A1D5004466DB /* LocationModel.m in Sources */,
				04C4534520EFFDDA004466DB /* WPHotspotLabel.m in Sources */,
				04E0A1FE20FADFB10076EDD2 /* WeatherForecastLoader.m in Sources */,
				04C4516120EDF524004466DB /* WeatherForecastModel.m in Sources */,
				044665FB20ECDB8800AD3726 /* WeatherViewController.m in Sources */,
				04C4532620EF872F004466DB /* WeatherCollectionViewCell.m in Sources */,
				04C4517120EE8C1E004466DB /* HTTPTool.m in Sources */,
				04C4519A20EF484B004466DB /* SBJsonParser.m in Sources */,
				04C4536020F4F5D8004466DB /* LocationCityHandle.m in Sources */,
				04C4534C20F0CFC8004466DB /* UserModel.m in Sources */,
				04C4519820EF484B004466DB /* SBJSON.m in Sources */,
				04C4532D20EFBEC4004466DB /* UIImage+RTTint.m in Sources */,
				04C4532420EF8661004466DB /* WeatherLiveElementsTableViewCell.m in Sources */,
				04C4532920EFBBA6004466DB /* TemperatureCurveTableViewCell.m in Sources */,
				04C4533620EFF4DF004466DB /* SunSetTableViewCell.m in Sources */,
				0446661020ECE45D00AD3726 /* DecisionViewController.m in Sources */,
				04C4517E20EEA0DC004466DB /* CreateCityDB.m in Sources */,
				044665F720ECDB4300AD3726 /* MainTabBarController.m in Sources */,
				0446660A20ECE44100AD3726 /* WarningViewController.m in Sources */,
				044665D620EB6DA500AD3726 /* AppDelegate.mm in Sources */,
			);
			runOnlyForDeploymentPostprocessing = 0;
		};
/* End PBXSourcesBuildPhase section */

/* Begin PBXVariantGroup section */
		044665DA20EB6DA500AD3726 /* Main.storyboard */ = {
			isa = PBXVariantGroup;
			children = (
				044665DB20EB6DA500AD3726 /* Base */,
			);
			name = Main.storyboard;
			sourceTree = "<group>";
		};
		044665DF20EB6DA600AD3726 /* LaunchScreen.storyboard */ = {
			isa = PBXVariantGroup;
			children = (
				044665E020EB6DA600AD3726 /* Base */,
			);
			name = LaunchScreen.storyboard;
			sourceTree = "<group>";
		};
/* End PBXVariantGroup section */

/* Begin XCBuildConfiguration section */
		044665E520EB6DA600AD3726 /* Debug */ = {
			isa = XCBuildConfiguration;
			buildSettings = {
				ALWAYS_SEARCH_USER_PATHS = NO;
				CLANG_ANALYZER_NONNULL = YES;
				CLANG_ANALYZER_NUMBER_OBJECT_CONVERSION = YES_AGGRESSIVE;
				CLANG_CXX_LANGUAGE_STANDARD = "gnu++14";
				CLANG_CXX_LIBRARY = "libc++";
				CLANG_ENABLE_MODULES = YES;
				CLANG_ENABLE_OBJC_ARC = YES;
				CLANG_ENABLE_OBJC_WEAK = YES;
				CLANG_WARN_BLOCK_CAPTURE_AUTORELEASING = YES;
				CLANG_WARN_BOOL_CONVERSION = YES;
				CLANG_WARN_COMMA = YES;
				CLANG_WARN_CONSTANT_CONVERSION = YES;
				CLANG_WARN_DEPRECATED_OBJC_IMPLEMENTATIONS = YES;
				CLANG_WARN_DIRECT_OBJC_ISA_USAGE = YES_ERROR;
				CLANG_WARN_DOCUMENTATION_COMMENTS = YES;
				CLANG_WARN_EMPTY_BODY = YES;
				CLANG_WARN_ENUM_CONVERSION = YES;
				CLANG_WARN_INFINITE_RECURSION = YES;
				CLANG_WARN_INT_CONVERSION = YES;
				CLANG_WARN_NON_LITERAL_NULL_CONVERSION = YES;
				CLANG_WARN_OBJC_IMPLICIT_RETAIN_SELF = YES;
				CLANG_WARN_OBJC_LITERAL_CONVERSION = YES;
				CLANG_WARN_OBJC_ROOT_CLASS = YES_ERROR;
				CLANG_WARN_RANGE_LOOP_ANALYSIS = YES;
				CLANG_WARN_STRICT_PROTOTYPES = YES;
				CLANG_WARN_SUSPICIOUS_MOVE = YES;
				CLANG_WARN_UNGUARDED_AVAILABILITY = YES_AGGRESSIVE;
				CLANG_WARN_UNREACHABLE_CODE = YES;
				CLANG_WARN__DUPLICATE_METHOD_MATCH = YES;
				CODE_SIGN_IDENTITY = "iPhone Developer";
				COPY_PHASE_STRIP = NO;
				DEBUG_INFORMATION_FORMAT = dwarf;
				ENABLE_STRICT_OBJC_MSGSEND = YES;
				ENABLE_TESTABILITY = YES;
				GCC_C_LANGUAGE_STANDARD = gnu11;
				GCC_DYNAMIC_NO_PIC = NO;
				GCC_NO_COMMON_BLOCKS = YES;
				GCC_OPTIMIZATION_LEVEL = 0;
				GCC_PREPROCESSOR_DEFINITIONS = (
					"DEBUG=1",
					"$(inherited)",
				);
				GCC_WARN_64_TO_32_BIT_CONVERSION = YES;
				GCC_WARN_ABOUT_RETURN_TYPE = YES_ERROR;
				GCC_WARN_UNDECLARED_SELECTOR = YES;
				GCC_WARN_UNINITIALIZED_AUTOS = YES_AGGRESSIVE;
				GCC_WARN_UNUSED_FUNCTION = YES;
				GCC_WARN_UNUSED_VARIABLE = YES;
				IPHONEOS_DEPLOYMENT_TARGET = 11.4;
				MTL_ENABLE_DEBUG_INFO = YES;
				ONLY_ACTIVE_ARCH = YES;
				SDKROOT = iphoneos;
			};
			name = Debug;
		};
		044665E620EB6DA600AD3726 /* Release */ = {
			isa = XCBuildConfiguration;
			buildSettings = {
				ALWAYS_SEARCH_USER_PATHS = NO;
				CLANG_ANALYZER_NONNULL = YES;
				CLANG_ANALYZER_NUMBER_OBJECT_CONVERSION = YES_AGGRESSIVE;
				CLANG_CXX_LANGUAGE_STANDARD = "gnu++14";
				CLANG_CXX_LIBRARY = "libc++";
				CLANG_ENABLE_MODULES = YES;
				CLANG_ENABLE_OBJC_ARC = YES;
				CLANG_ENABLE_OBJC_WEAK = YES;
				CLANG_WARN_BLOCK_CAPTURE_AUTORELEASING = YES;
				CLANG_WARN_BOOL_CONVERSION = YES;
				CLANG_WARN_COMMA = YES;
				CLANG_WARN_CONSTANT_CONVERSION = YES;
				CLANG_WARN_DEPRECATED_OBJC_IMPLEMENTATIONS = YES;
				CLANG_WARN_DIRECT_OBJC_ISA_USAGE = YES_ERROR;
				CLANG_WARN_DOCUMENTATION_COMMENTS = YES;
				CLANG_WARN_EMPTY_BODY = YES;
				CLANG_WARN_ENUM_CONVERSION = YES;
				CLANG_WARN_INFINITE_RECURSION = YES;
				CLANG_WARN_INT_CONVERSION = YES;
				CLANG_WARN_NON_LITERAL_NULL_CONVERSION = YES;
				CLANG_WARN_OBJC_IMPLICIT_RETAIN_SELF = YES;
				CLANG_WARN_OBJC_LITERAL_CONVERSION = YES;
				CLANG_WARN_OBJC_ROOT_CLASS = YES_ERROR;
				CLANG_WARN_RANGE_LOOP_ANALYSIS = YES;
				CLANG_WARN_STRICT_PROTOTYPES = YES;
				CLANG_WARN_SUSPICIOUS_MOVE = YES;
				CLANG_WARN_UNGUARDED_AVAILABILITY = YES_AGGRESSIVE;
				CLANG_WARN_UNREACHABLE_CODE = YES;
				CLANG_WARN__DUPLICATE_METHOD_MATCH = YES;
				CODE_SIGN_IDENTITY = "iPhone Developer";
				COPY_PHASE_STRIP = NO;
				DEBUG_INFORMATION_FORMAT = "dwarf-with-dsym";
				ENABLE_NS_ASSERTIONS = NO;
				ENABLE_STRICT_OBJC_MSGSEND = YES;
				GCC_C_LANGUAGE_STANDARD = gnu11;
				GCC_NO_COMMON_BLOCKS = YES;
				GCC_WARN_64_TO_32_BIT_CONVERSION = YES;
				GCC_WARN_ABOUT_RETURN_TYPE = YES_ERROR;
				GCC_WARN_UNDECLARED_SELECTOR = YES;
				GCC_WARN_UNINITIALIZED_AUTOS = YES_AGGRESSIVE;
				GCC_WARN_UNUSED_FUNCTION = YES;
				GCC_WARN_UNUSED_VARIABLE = YES;
				IPHONEOS_DEPLOYMENT_TARGET = 11.4;
				MTL_ENABLE_DEBUG_INFO = NO;
				SDKROOT = iphoneos;
				VALIDATE_PRODUCT = YES;
			};
			name = Release;
		};
		044665E820EB6DA600AD3726 /* Debug */ = {
			isa = XCBuildConfiguration;
			baseConfigurationReference = 1F7E68CF577B71FDAF17DF9F /* Pods-Weather_XAMQX.debug.xcconfig */;
			buildSettings = {
				ASSETCATALOG_COMPILER_APPICON_NAME = AppIcon;
				CODE_SIGN_STYLE = Automatic;
				DEVELOPMENT_TEAM = 6YRX4DK495;
				GCC_PREFIX_HEADER = "$(SRCROOT)/Weather_XAMQX/Supporting Files/PrefixHeader.pch";
				INFOPLIST_FILE = "$(SRCROOT)/Weather_XAMQX/Supporting Files/Info.plist";
				IPHONEOS_DEPLOYMENT_TARGET = 9.0;
				LD_RUNPATH_SEARCH_PATHS = (
					"$(inherited)",
					"@executable_path/Frameworks",
				);
				PRODUCT_BUNDLE_IDENTIFIER = "com.dyfc.Weather-XAMQX";
				PRODUCT_NAME = "$(TARGET_NAME)";
				TARGETED_DEVICE_FAMILY = 1;
				USER_HEADER_SEARCH_PATHS = "$(PODS_ROOT)/**";
			};
			name = Debug;
		};
		044665E920EB6DA600AD3726 /* Release */ = {
			isa = XCBuildConfiguration;
			baseConfigurationReference = D00C481DD08B8AA10B528B12 /* Pods-Weather_XAMQX.release.xcconfig */;
			buildSettings = {
				ASSETCATALOG_COMPILER_APPICON_NAME = AppIcon;
				CODE_SIGN_STYLE = Automatic;
				DEVELOPMENT_TEAM = 6YRX4DK495;
				GCC_PREFIX_HEADER = "$(SRCROOT)/Weather_XAMQX/Supporting Files/PrefixHeader.pch";
				INFOPLIST_FILE = "$(SRCROOT)/Weather_XAMQX/Supporting Files/Info.plist";
				IPHONEOS_DEPLOYMENT_TARGET = 9.0;
				LD_RUNPATH_SEARCH_PATHS = (
					"$(inherited)",
					"@executable_path/Frameworks",
				);
				PRODUCT_BUNDLE_IDENTIFIER = "com.dyfc.Weather-XAMQX";
				PRODUCT_NAME = "$(TARGET_NAME)";
				TARGETED_DEVICE_FAMILY = 1;
				USER_HEADER_SEARCH_PATHS = "$(PODS_ROOT)/**";
			};
			name = Release;
		};
/* End XCBuildConfiguration section */

/* Begin XCConfigurationList section */
		044665CC20EB6DA500AD3726 /* Build configuration list for PBXProject "Weather_XAMQX" */ = {
			isa = XCConfigurationList;
			buildConfigurations = (
				044665E520EB6DA600AD3726 /* Debug */,
				044665E620EB6DA600AD3726 /* Release */,
			);
			defaultConfigurationIsVisible = 0;
			defaultConfigurationName = Release;
		};
		044665E720EB6DA600AD3726 /* Build configuration list for PBXNativeTarget "Weather_XAMQX" */ = {
			isa = XCConfigurationList;
			buildConfigurations = (
				044665E820EB6DA600AD3726 /* Debug */,
				044665E920EB6DA600AD3726 /* Release */,
			);
			defaultConfigurationIsVisible = 0;
			defaultConfigurationName = Release;
		};
/* End XCConfigurationList section */
	};
	rootObject = 044665C920EB6DA500AD3726 /* Project object */;
}
